// !$*UTF8*$!
{
	archiveVersion = 1;
	classes = {
	};
	objectVersion = 56;
	objects = {

/* Begin PBXBuildFile section */
		C323FA052B05387700D6CD00 /* JTMoviesHorizontalListView.swift in Sources */ = {isa = PBXBuildFile; fileRef = C323FA042B05387700D6CD00 /* JTMoviesHorizontalListView.swift */; };
		C323FA072B053AA600D6CD00 /* JTListTitleView.swift in Sources */ = {isa = PBXBuildFile; fileRef = C323FA062B053AA600D6CD00 /* JTListTitleView.swift */; };
		C366FA262B0605B9005150E5 /* JTRemoteService.swift in Sources */ = {isa = PBXBuildFile; fileRef = C366FA252B0605B9005150E5 /* JTRemoteService.swift */; };
		C385A7BA2B0685A1008ED9E7 /* JTNetworkMonitor.swift in Sources */ = {isa = PBXBuildFile; fileRef = C385A7B92B0685A1008ED9E7 /* JTNetworkMonitor.swift */; };
		C3A070532B061D0A00D96ED5 /* JTOfflineService.swift in Sources */ = {isa = PBXBuildFile; fileRef = C3A070522B061D0A00D96ED5 /* JTOfflineService.swift */; };
		C3A070552B061D6B00D96ED5 /* JTServiceManager.swift in Sources */ = {isa = PBXBuildFile; fileRef = C3A070542B061D6B00D96ED5 /* JTServiceManager.swift */; };
		C3A079E42B04BEB40074C3BF /* JuniorTestApp.swift in Sources */ = {isa = PBXBuildFile; fileRef = C3A079E32B04BEB40074C3BF /* JuniorTestApp.swift */; };
		C3A079E82B04BEB50074C3BF /* Assets.xcassets in Resources */ = {isa = PBXBuildFile; fileRef = C3A079E72B04BEB50074C3BF /* Assets.xcassets */; };
		C3A079EB2B04BEB50074C3BF /* Preview Assets.xcassets in Resources */ = {isa = PBXBuildFile; fileRef = C3A079EA2B04BEB50074C3BF /* Preview Assets.xcassets */; };
		C3A079ED2B04BEB50074C3BF /* Persistence.swift in Sources */ = {isa = PBXBuildFile; fileRef = C3A079EC2B04BEB50074C3BF /* Persistence.swift */; };
		C3A079F02B04BEB50074C3BF /* JuniorTest.xcdatamodeld in Sources */ = {isa = PBXBuildFile; fileRef = C3A079EE2B04BEB50074C3BF /* JuniorTest.xcdatamodeld */; };
		C3B37E142B04ECD70027C909 /* JTHomeViewModel.swift in Sources */ = {isa = PBXBuildFile; fileRef = C3B37E132B04ECD70027C909 /* JTHomeViewModel.swift */; };
		C3B37E162B04F1870027C909 /* JTMovie.swift in Sources */ = {isa = PBXBuildFile; fileRef = C3B37E152B04F1870027C909 /* JTMovie.swift */; };
		C3D372B42B0661BC0029A879 /* JTMoviesHlistByGenres.swift in Sources */ = {isa = PBXBuildFile; fileRef = C3D372B32B0661BC0029A879 /* JTMoviesHlistByGenres.swift */; };
		C3DC2A832B050641001943C9 /* JTConstraints.swift in Sources */ = {isa = PBXBuildFile; fileRef = C3DC2A822B050641001943C9 /* JTConstraints.swift */; };
		C3EEEF5B2B04C1F100FCEE2D /* JTHomeView.swift in Sources */ = {isa = PBXBuildFile; fileRef = C3EEEF5A2B04C1F100FCEE2D /* JTHomeView.swift */; };
		C3EEEF622B04D1C100FCEE2D /* JTHeaderView.swift in Sources */ = {isa = PBXBuildFile; fileRef = C3EEEF612B04D1C100FCEE2D /* JTHeaderView.swift */; };
		C3EEEF642B04D44E00FCEE2D /* JTTabView.swift in Sources */ = {isa = PBXBuildFile; fileRef = C3EEEF632B04D44E00FCEE2D /* JTTabView.swift */; };
		C3EEEF662B04DC0D00FCEE2D /* JTMovieGenres.swift in Sources */ = {isa = PBXBuildFile; fileRef = C3EEEF652B04DC0D00FCEE2D /* JTMovieGenres.swift */; };
/* End PBXBuildFile section */

/* Begin PBXFileReference section */
		C323FA042B05387700D6CD00 /* JTMoviesHorizontalListView.swift */ = {isa = PBXFileReference; lastKnownFileType = sourcecode.swift; path = JTMoviesHorizontalListView.swift; sourceTree = "<group>"; };
		C323FA062B053AA600D6CD00 /* JTListTitleView.swift */ = {isa = PBXFileReference; lastKnownFileType = sourcecode.swift; path = JTListTitleView.swift; sourceTree = "<group>"; };
		C366FA252B0605B9005150E5 /* JTRemoteService.swift */ = {isa = PBXFileReference; lastKnownFileType = sourcecode.swift; path = JTRemoteService.swift; sourceTree = "<group>"; };
		C385A7B92B0685A1008ED9E7 /* JTNetworkMonitor.swift */ = {isa = PBXFileReference; lastKnownFileType = sourcecode.swift; path = JTNetworkMonitor.swift; sourceTree = "<group>"; };
		C3A070522B061D0A00D96ED5 /* JTOfflineService.swift */ = {isa = PBXFileReference; lastKnownFileType = sourcecode.swift; path = JTOfflineService.swift; sourceTree = "<group>"; };
		C3A070542B061D6B00D96ED5 /* JTServiceManager.swift */ = {isa = PBXFileReference; lastKnownFileType = sourcecode.swift; path = JTServiceManager.swift; sourceTree = "<group>"; };
		C3A079E02B04BEB40074C3BF /* JuniorTest.app */ = {isa = PBXFileReference; explicitFileType = wrapper.application; includeInIndex = 0; path = JuniorTest.app; sourceTree = BUILT_PRODUCTS_DIR; };
		C3A079E32B04BEB40074C3BF /* JuniorTestApp.swift */ = {isa = PBXFileReference; lastKnownFileType = sourcecode.swift; path = JuniorTestApp.swift; sourceTree = "<group>"; };
		C3A079E72B04BEB50074C3BF /* Assets.xcassets */ = {isa = PBXFileReference; lastKnownFileType = folder.assetcatalog; path = Assets.xcassets; sourceTree = "<group>"; };
		C3A079EA2B04BEB50074C3BF /* Preview Assets.xcassets */ = {isa = PBXFileReference; lastKnownFileType = folder.assetcatalog; path = "Preview Assets.xcassets"; sourceTree = "<group>"; };
		C3A079EC2B04BEB50074C3BF /* Persistence.swift */ = {isa = PBXFileReference; lastKnownFileType = sourcecode.swift; path = Persistence.swift; sourceTree = "<group>"; };
		C3A079EF2B04BEB50074C3BF /* JuniorTest.xcdatamodel */ = {isa = PBXFileReference; lastKnownFileType = wrapper.xcdatamodel; path = JuniorTest.xcdatamodel; sourceTree = "<group>"; };
		C3B37E132B04ECD70027C909 /* JTHomeViewModel.swift */ = {isa = PBXFileReference; lastKnownFileType = sourcecode.swift; path = JTHomeViewModel.swift; sourceTree = "<group>"; };
		C3B37E152B04F1870027C909 /* JTMovie.swift */ = {isa = PBXFileReference; lastKnownFileType = sourcecode.swift; path = JTMovie.swift; sourceTree = "<group>"; };
		C3D372B32B0661BC0029A879 /* JTMoviesHlistByGenres.swift */ = {isa = PBXFileReference; lastKnownFileType = sourcecode.swift; path = JTMoviesHlistByGenres.swift; sourceTree = "<group>"; };
		C3DC2A822B050641001943C9 /* JTConstraints.swift */ = {isa = PBXFileReference; lastKnownFileType = sourcecode.swift; path = JTConstraints.swift; sourceTree = "<group>"; };
		C3EEEF5A2B04C1F100FCEE2D /* JTHomeView.swift */ = {isa = PBXFileReference; lastKnownFileType = sourcecode.swift; path = JTHomeView.swift; sourceTree = "<group>"; };
		C3EEEF612B04D1C100FCEE2D /* JTHeaderView.swift */ = {isa = PBXFileReference; lastKnownFileType = sourcecode.swift; path = JTHeaderView.swift; sourceTree = "<group>"; };
		C3EEEF632B04D44E00FCEE2D /* JTTabView.swift */ = {isa = PBXFileReference; lastKnownFileType = sourcecode.swift; path = JTTabView.swift; sourceTree = "<group>"; };
		C3EEEF652B04DC0D00FCEE2D /* JTMovieGenres.swift */ = {isa = PBXFileReference; lastKnownFileType = sourcecode.swift; path = JTMovieGenres.swift; sourceTree = "<group>"; };
/* End PBXFileReference section */

/* Begin PBXFrameworksBuildPhase section */
		C3A079DD2B04BEB40074C3BF /* Frameworks */ = {
			isa = PBXFrameworksBuildPhase;
			buildActionMask = 2147483647;
			files = (
			);
			runOnlyForDeploymentPostprocessing = 0;
		};
/* End PBXFrameworksBuildPhase section */

/* Begin PBXGroup section */
		C366FA242B060595005150E5 /* Services */ = {
			isa = PBXGroup;
			children = (
				C3A070542B061D6B00D96ED5 /* JTServiceManager.swift */,
				C366FA252B0605B9005150E5 /* JTRemoteService.swift */,
				C3A070522B061D0A00D96ED5 /* JTOfflineService.swift */,
				C385A7B92B0685A1008ED9E7 /* JTNetworkMonitor.swift */,
			);
			path = Services;
			sourceTree = "<group>";
		};
		C3A079D72B04BEB40074C3BF = {
			isa = PBXGroup;
			children = (
				C3A079E22B04BEB40074C3BF /* JuniorTest */,
				C3A079E12B04BEB40074C3BF /* Products */,
			);
			sourceTree = "<group>";
		};
		C3A079E12B04BEB40074C3BF /* Products */ = {
			isa = PBXGroup;
			children = (
				C3A079E02B04BEB40074C3BF /* JuniorTest.app */,
			);
			name = Products;
			sourceTree = "<group>";
		};
		C3A079E22B04BEB40074C3BF /* JuniorTest */ = {
			isa = PBXGroup;
			children = (
				C366FA242B060595005150E5 /* Services */,
				C3DC2A812B05062F001943C9 /* Helpers */,
				C3EEEF5E2B04D11700FCEE2D /* Model */,
				C3EEEF5D2B04D11300FCEE2D /* ViewModel */,
				C3EEEF5C2B04D10D00FCEE2D /* View */,
				C3EEEF5F2B04D12900FCEE2D /* Resources */,
				C3A079E32B04BEB40074C3BF /* JuniorTestApp.swift */,
				C3A079E72B04BEB50074C3BF /* Assets.xcassets */,
				C3A079E92B04BEB50074C3BF /* Preview Content */,
			);
			path = JuniorTest;
			sourceTree = "<group>";
		};
		C3A079E92B04BEB50074C3BF /* Preview Content */ = {
			isa = PBXGroup;
			children = (
				C3A079EA2B04BEB50074C3BF /* Preview Assets.xcassets */,
			);
			path = "Preview Content";
			sourceTree = "<group>";
		};
		C3DC2A812B05062F001943C9 /* Helpers */ = {
			isa = PBXGroup;
			children = (
				C3DC2A822B050641001943C9 /* JTConstraints.swift */,
			);
			path = Helpers;
			sourceTree = "<group>";
		};
		C3EEEF5C2B04D10D00FCEE2D /* View */ = {
			isa = PBXGroup;
			children = (
				C3EEEF5A2B04C1F100FCEE2D /* JTHomeView.swift */,
				C3EEEF602B04D16200FCEE2D /* Components */,
			);
			path = View;
			sourceTree = "<group>";
		};
		C3EEEF5D2B04D11300FCEE2D /* ViewModel */ = {
			isa = PBXGroup;
			children = (
				C3B37E132B04ECD70027C909 /* JTHomeViewModel.swift */,
			);
			path = ViewModel;
			sourceTree = "<group>";
		};
		C3EEEF5E2B04D11700FCEE2D /* Model */ = {
			isa = PBXGroup;
			children = (
				C3EEEF652B04DC0D00FCEE2D /* JTMovieGenres.swift */,
				C3B37E152B04F1870027C909 /* JTMovie.swift */,
			);
			path = Model;
			sourceTree = "<group>";
		};
		C3EEEF5F2B04D12900FCEE2D /* Resources */ = {
			isa = PBXGroup;
			children = (
				C3A079EC2B04BEB50074C3BF /* Persistence.swift */,
				C3A079EE2B04BEB50074C3BF /* JuniorTest.xcdatamodeld */,
			);
			path = Resources;
			sourceTree = "<group>";
		};
		C3EEEF602B04D16200FCEE2D /* Components */ = {
			isa = PBXGroup;
			children = (
				C3EEEF612B04D1C100FCEE2D /* JTHeaderView.swift */,
				C3EEEF632B04D44E00FCEE2D /* JTTabView.swift */,
				C323FA042B05387700D6CD00 /* JTMoviesHorizontalListView.swift */,
				C323FA062B053AA600D6CD00 /* JTListTitleView.swift */,
				C3D372B32B0661BC0029A879 /* JTMoviesHlistByGenres.swift */,
			);
			path = Components;
			sourceTree = "<group>";
		};
/* End PBXGroup section */

/* Begin PBXNativeTarget section */
		C3A079DF2B04BEB40074C3BF /* JuniorTest */ = {
			isa = PBXNativeTarget;
			buildConfigurationList = C3A079F32B04BEB50074C3BF /* Build configuration list for PBXNativeTarget "JuniorTest" */;
			buildPhases = (
				C3A079DC2B04BEB40074C3BF /* Sources */,
				C3A079DD2B04BEB40074C3BF /* Frameworks */,
				C3A079DE2B04BEB40074C3BF /* Resources */,
			);
			buildRules = (
			);
			dependencies = (
			);
			name = JuniorTest;
			productName = JuniorTest;
			productReference = C3A079E02B04BEB40074C3BF /* JuniorTest.app */;
			productType = "com.apple.product-type.application";
		};
/* End PBXNativeTarget section */

/* Begin PBXProject section */
		C3A079D82B04BEB40074C3BF /* Project object */ = {
			isa = PBXProject;
			attributes = {
				BuildIndependentTargetsInParallel = 1;
				LastSwiftUpdateCheck = 1500;
				LastUpgradeCheck = 1500;
				TargetAttributes = {
					C3A079DF2B04BEB40074C3BF = {
						CreatedOnToolsVersion = 15.0.1;
					};
				};
			};
			buildConfigurationList = C3A079DB2B04BEB40074C3BF /* Build configuration list for PBXProject "JuniorTest" */;
			compatibilityVersion = "Xcode 14.0";
			developmentRegion = en;
			hasScannedForEncodings = 0;
			knownRegions = (
				en,
				Base,
			);
			mainGroup = C3A079D72B04BEB40074C3BF;
			productRefGroup = C3A079E12B04BEB40074C3BF /* Products */;
			projectDirPath = "";
			projectRoot = "";
			targets = (
				C3A079DF2B04BEB40074C3BF /* JuniorTest */,
			);
		};
/* End PBXProject section */

/* Begin PBXResourcesBuildPhase section */
		C3A079DE2B04BEB40074C3BF /* Resources */ = {
			isa = PBXResourcesBuildPhase;
			buildActionMask = 2147483647;
			files = (
				C3A079EB2B04BEB50074C3BF /* Preview Assets.xcassets in Resources */,
				C3A079E82B04BEB50074C3BF /* Assets.xcassets in Resources */,
			);
			runOnlyForDeploymentPostprocessing = 0;
		};
/* End PBXResourcesBuildPhase section */

/* Begin PBXSourcesBuildPhase section */
		C3A079DC2B04BEB40074C3BF /* Sources */ = {
			isa = PBXSourcesBuildPhase;
			buildActionMask = 2147483647;
			files = (
				C3A079ED2B04BEB50074C3BF /* Persistence.swift in Sources */,
				C3EEEF662B04DC0D00FCEE2D /* JTMovieGenres.swift in Sources */,
				C3DC2A832B050641001943C9 /* JTConstraints.swift in Sources */,
				C3A070532B061D0A00D96ED5 /* JTOfflineService.swift in Sources */,
				C3A070552B061D6B00D96ED5 /* JTServiceManager.swift in Sources */,
				C3B37E162B04F1870027C909 /* JTMovie.swift in Sources */,
				C3EEEF5B2B04C1F100FCEE2D /* JTHomeView.swift in Sources */,
				C385A7BA2B0685A1008ED9E7 /* JTNetworkMonitor.swift in Sources */,
				C3B37E142B04ECD70027C909 /* JTHomeViewModel.swift in Sources */,
				C3EEEF642B04D44E00FCEE2D /* JTTabView.swift in Sources */,
				C3EEEF622B04D1C100FCEE2D /* JTHeaderView.swift in Sources */,
				C3D372B42B0661BC0029A879 /* JTMoviesHlistByGenres.swift in Sources */,
				C366FA262B0605B9005150E5 /* JTRemoteService.swift in Sources */,
				C3A079F02B04BEB50074C3BF /* JuniorTest.xcdatamodeld in Sources */,
				C323FA052B05387700D6CD00 /* JTMoviesHorizontalListView.swift in Sources */,
				C3A079E42B04BEB40074C3BF /* JuniorTestApp.swift in Sources */,
				C323FA072B053AA600D6CD00 /* JTListTitleView.swift in Sources */,
			);
			runOnlyForDeploymentPostprocessing = 0;
		};
/* End PBXSourcesBuildPhase section */

/* Begin XCBuildConfiguration section */
		C3A079F12B04BEB50074C3BF /* Debug */ = {
			isa = XCBuildConfiguration;
			buildSettings = {
				ALWAYS_SEARCH_USER_PATHS = NO;
				ASSETCATALOG_COMPILER_GENERATE_SWIFT_ASSET_SYMBOL_EXTENSIONS = YES;
				CLANG_ANALYZER_NONNULL = YES;
				CLANG_ANALYZER_NUMBER_OBJECT_CONVERSION = YES_AGGRESSIVE;
				CLANG_CXX_LANGUAGE_STANDARD = "gnu++20";
				CLANG_ENABLE_MODULES = YES;
				CLANG_ENABLE_OBJC_ARC = YES;
				CLANG_ENABLE_OBJC_WEAK = YES;
				CLANG_WARN_BLOCK_CAPTURE_AUTORELEASING = YES;
				CLANG_WARN_BOOL_CONVERSION = YES;
				CLANG_WARN_COMMA = YES;
				CLANG_WARN_CONSTANT_CONVERSION = YES;
				CLANG_WARN_DEPRECATED_OBJC_IMPLEMENTATIONS = YES;
				CLANG_WARN_DIRECT_OBJC_ISA_USAGE = YES_ERROR;
				CLANG_WARN_DOCUMENTATION_COMMENTS = YES;
				CLANG_WARN_EMPTY_BODY = YES;
				CLANG_WARN_ENUM_CONVERSION = YES;
				CLANG_WARN_INFINITE_RECURSION = YES;
				CLANG_WARN_INT_CONVERSION = YES;
				CLANG_WARN_NON_LITERAL_NULL_CONVERSION = YES;
				CLANG_WARN_OBJC_IMPLICIT_RETAIN_SELF = YES;
				CLANG_WARN_OBJC_LITERAL_CONVERSION = YES;
				CLANG_WARN_OBJC_ROOT_CLASS = YES_ERROR;
				CLANG_WARN_QUOTED_INCLUDE_IN_FRAMEWORK_HEADER = YES;
				CLANG_WARN_RANGE_LOOP_ANALYSIS = YES;
				CLANG_WARN_STRICT_PROTOTYPES = YES;
				CLANG_WARN_SUSPICIOUS_MOVE = YES;
				CLANG_WARN_UNGUARDED_AVAILABILITY = YES_AGGRESSIVE;
				CLANG_WARN_UNREACHABLE_CODE = YES;
				CLANG_WARN__DUPLICATE_METHOD_MATCH = YES;
				COPY_PHASE_STRIP = NO;
				DEBUG_INFORMATION_FORMAT = dwarf;
				ENABLE_STRICT_OBJC_MSGSEND = YES;
				ENABLE_TESTABILITY = YES;
				ENABLE_USER_SCRIPT_SANDBOXING = YES;
				GCC_C_LANGUAGE_STANDARD = gnu17;
				GCC_DYNAMIC_NO_PIC = NO;
				GCC_NO_COMMON_BLOCKS = YES;
				GCC_OPTIMIZATION_LEVEL = 0;
				GCC_PREPROCESSOR_DEFINITIONS = (
					"DEBUG=1",
					"$(inherited)",
				);
				GCC_WARN_64_TO_32_BIT_CONVERSION = YES;
				GCC_WARN_ABOUT_RETURN_TYPE = YES_ERROR;
				GCC_WARN_UNDECLARED_SELECTOR = YES;
				GCC_WARN_UNINITIALIZED_AUTOS = YES_AGGRESSIVE;
				GCC_WARN_UNUSED_FUNCTION = YES;
				GCC_WARN_UNUSED_VARIABLE = YES;
				IPHONEOS_DEPLOYMENT_TARGET = 16.0;
				LOCALIZATION_PREFERS_STRING_CATALOGS = YES;
				MTL_ENABLE_DEBUG_INFO = INCLUDE_SOURCE;
				MTL_FAST_MATH = YES;
				ONLY_ACTIVE_ARCH = YES;
				SDKROOT = iphoneos;
				SWIFT_ACTIVE_COMPILATION_CONDITIONS = "DEBUG $(inherited)";
				SWIFT_OPTIMIZATION_LEVEL = "-Onone";
			};
			name = Debug;
		};
		C3A079F22B04BEB50074C3BF /* Release */ = {
			isa = XCBuildConfiguration;
			buildSettings = {
				ALWAYS_SEARCH_USER_PATHS = NO;
				ASSETCATALOG_COMPILER_GENERATE_SWIFT_ASSET_SYMBOL_EXTENSIONS = YES;
				CLANG_ANALYZER_NONNULL = YES;
				CLANG_ANALYZER_NUMBER_OBJECT_CONVERSION = YES_AGGRESSIVE;
				CLANG_CXX_LANGUAGE_STANDARD = "gnu++20";
				CLANG_ENABLE_MODULES = YES;
				CLANG_ENABLE_OBJC_ARC = YES;
				CLANG_ENABLE_OBJC_WEAK = YES;
				CLANG_WARN_BLOCK_CAPTURE_AUTORELEASING = YES;
				CLANG_WARN_BOOL_CONVERSION = YES;
				CLANG_WARN_COMMA = YES;
				CLANG_WARN_CONSTANT_CONVERSION = YES;
				CLANG_WARN_DEPRECATED_OBJC_IMPLEMENTATIONS = YES;
				CLANG_WARN_DIRECT_OBJC_ISA_USAGE = YES_ERROR;
				CLANG_WARN_DOCUMENTATION_COMMENTS = YES;
				CLANG_WARN_EMPTY_BODY = YES;
				CLANG_WARN_ENUM_CONVERSION = YES;
				CLANG_WARN_INFINITE_RECURSION = YES;
				CLANG_WARN_INT_CONVERSION = YES;
				CLANG_WARN_NON_LITERAL_NULL_CONVERSION = YES;
				CLANG_WARN_OBJC_IMPLICIT_RETAIN_SELF = YES;
				CLANG_WARN_OBJC_LITERAL_CONVERSION = YES;
				CLANG_WARN_OBJC_ROOT_CLASS = YES_ERROR;
				CLANG_WARN_QUOTED_INCLUDE_IN_FRAMEWORK_HEADER = YES;
				CLANG_WARN_RANGE_LOOP_ANALYSIS = YES;
				CLANG_WARN_STRICT_PROTOTYPES = YES;
				CLANG_WARN_SUSPICIOUS_MOVE = YES;
				CLANG_WARN_UNGUARDED_AVAILABILITY = YES_AGGRESSIVE;
				CLANG_WARN_UNREACHABLE_CODE = YES;
				CLANG_WARN__DUPLICATE_METHOD_MATCH = YES;
				COPY_PHASE_STRIP = NO;
				DEBUG_INFORMATION_FORMAT = "dwarf-with-dsym";
				ENABLE_NS_ASSERTIONS = NO;
				ENABLE_STRICT_OBJC_MSGSEND = YES;
				ENABLE_USER_SCRIPT_SANDBOXING = YES;
				GCC_C_LANGUAGE_STANDARD = gnu17;
				GCC_NO_COMMON_BLOCKS = YES;
				GCC_WARN_64_TO_32_BIT_CONVERSION = YES;
				GCC_WARN_ABOUT_RETURN_TYPE = YES_ERROR;
				GCC_WARN_UNDECLARED_SELECTOR = YES;
				GCC_WARN_UNINITIALIZED_AUTOS = YES_AGGRESSIVE;
				GCC_WARN_UNUSED_FUNCTION = YES;
				GCC_WARN_UNUSED_VARIABLE = YES;
				IPHONEOS_DEPLOYMENT_TARGET = 16.0;
				LOCALIZATION_PREFERS_STRING_CATALOGS = YES;
				MTL_ENABLE_DEBUG_INFO = NO;
				MTL_FAST_MATH = YES;
				SDKROOT = iphoneos;
				SWIFT_COMPILATION_MODE = wholemodule;
				VALIDATE_PRODUCT = YES;
			};
			name = Release;
		};
		C3A079F42B04BEB50074C3BF /* Debug */ = {
			isa = XCBuildConfiguration;
			buildSettings = {
				ASSETCATALOG_COMPILER_APPICON_NAME = AppIcon;
				ASSETCATALOG_COMPILER_GLOBAL_ACCENT_COLOR_NAME = AccentColor;
				CODE_SIGN_STYLE = Automatic;
				CURRENT_PROJECT_VERSION = 1;
				DEVELOPMENT_ASSET_PATHS = "\"JuniorTest/Preview Content\"";
				DEVELOPMENT_TEAM = 8376CRB6W4;
				ENABLE_PREVIEWS = YES;
				GENERATE_INFOPLIST_FILE = YES;
				INFOPLIST_KEY_UIApplicationSceneManifest_Generation = YES;
				INFOPLIST_KEY_UIApplicationSupportsIndirectInputEvents = YES;
				INFOPLIST_KEY_UILaunchScreen_Generation = YES;
				INFOPLIST_KEY_UISupportedInterfaceOrientations_iPad = "UIInterfaceOrientationPortrait UIInterfaceOrientationPortraitUpsideDown UIInterfaceOrientationLandscapeLeft UIInterfaceOrientationLandscapeRight";
				INFOPLIST_KEY_UISupportedInterfaceOrientations_iPhone = "UIInterfaceOrientationPortrait UIInterfaceOrientationLandscapeLeft UIInterfaceOrientationLandscapeRight";
				IPHONEOS_DEPLOYMENT_TARGET = 16.0;
				LD_RUNPATH_SEARCH_PATHS = (
					"$(inherited)",
					"@executable_path/Frameworks",
				);
				MARKETING_VERSION = 1.0;
				PRODUCT_BUNDLE_IDENTIFIER = com.IhorMac.JuniorTest;
				PRODUCT_NAME = "$(TARGET_NAME)";
				SWIFT_EMIT_LOC_STRINGS = YES;
				SWIFT_VERSION = 5.0;
				TARGETED_DEVICE_FAMILY = "1,2";
			};
			name = Debug;
		};
		C3A079F52B04BEB50074C3BF /* Release */ = {
			isa = XCBuildConfiguration;
			buildSettings = {
				ASSETCATALOG_COMPILER_APPICON_NAME = AppIcon;
				ASSETCATALOG_COMPILER_GLOBAL_ACCENT_COLOR_NAME = AccentColor;
				CODE_SIGN_STYLE = Automatic;
				CURRENT_PROJECT_VERSION = 1;
				DEVELOPMENT_ASSET_PATHS = "\"JuniorTest/Preview Content\"";
				DEVELOPMENT_TEAM = 8376CRB6W4;
				ENABLE_PREVIEWS = YES;
				GENERATE_INFOPLIST_FILE = YES;
				INFOPLIST_KEY_UIApplicationSceneManifest_Generation = YES;
				INFOPLIST_KEY_UIApplicationSupportsIndirectInputEvents = YES;
				INFOPLIST_KEY_UILaunchScreen_Generation = YES;
				INFOPLIST_KEY_UISupportedInterfaceOrientations_iPad = "UIInterfaceOrientationPortrait UIInterfaceOrientationPortraitUpsideDown UIInterfaceOrientationLandscapeLeft UIInterfaceOrientationLandscapeRight";
				INFOPLIST_KEY_UISupportedInterfaceOrientations_iPhone = "UIInterfaceOrientationPortrait UIInterfaceOrientationLandscapeLeft UIInterfaceOrientationLandscapeRight";
				IPHONEOS_DEPLOYMENT_TARGET = 16.0;
				LD_RUNPATH_SEARCH_PATHS = (
					"$(inherited)",
					"@executable_path/Frameworks",
				);
				MARKETING_VERSION = 1.0;
				PRODUCT_BUNDLE_IDENTIFIER = com.IhorMac.JuniorTest;
				PRODUCT_NAME = "$(TARGET_NAME)";
				SWIFT_EMIT_LOC_STRINGS = YES;
				SWIFT_VERSION = 5.0;
				TARGETED_DEVICE_FAMILY = "1,2";
			};
			name = Release;
		};
/* End XCBuildConfiguration section */

/* Begin XCConfigurationList section */
		C3A079DB2B04BEB40074C3BF /* Build configuration list for PBXProject "JuniorTest" */ = {
			isa = XCConfigurationList;
			buildConfigurations = (
				C3A079F12B04BEB50074C3BF /* Debug */,
				C3A079F22B04BEB50074C3BF /* Release */,
			);
			defaultConfigurationIsVisible = 0;
			defaultConfigurationName = Release;
		};
		C3A079F32B04BEB50074C3BF /* Build configuration list for PBXNativeTarget "JuniorTest" */ = {
			isa = XCConfigurationList;
			buildConfigurations = (
				C3A079F42B04BEB50074C3BF /* Debug */,
				C3A079F52B04BEB50074C3BF /* Release */,
			);
			defaultConfigurationIsVisible = 0;
			defaultConfigurationName = Release;
		};
/* End XCConfigurationList section */

/* Begin XCVersionGroup section */
		C3A079EE2B04BEB50074C3BF /* JuniorTest.xcdatamodeld */ = {
			isa = XCVersionGroup;
			children = (
				C3A079EF2B04BEB50074C3BF /* JuniorTest.xcdatamodel */,
			);
			currentVersion = C3A079EF2B04BEB50074C3BF /* JuniorTest.xcdatamodel */;
			path = JuniorTest.xcdatamodeld;
			sourceTree = "<group>";
			versionGroupType = wrapper.xcdatamodel;
		};
/* End XCVersionGroup section */
	};
	rootObject = C3A079D82B04BEB40074C3BF /* Project object */;
}
